
Microsoft Visual Studio Solution File, Format Version 12.00
# Visual Studio Version 17
VisualStudioVersion = 17.0.31825.309
MinimumVisualStudioVersion = 10.0.40219.1
Project("{FAE04EC0-301F-11D3-BF4B-00C04F79EFBC}") = "Task1", "Task1\Task1.csproj", "{6A76D1D1-BC0E-4554-898B-9D430865A6A1}"
EndProject
Project("{FAE04EC0-301F-11D3-BF4B-00C04F79EFBC}") = "Task2", "Task2\Task2.csproj", "{4333AD62-D2AF-4632-A24A-C378BF19C9C3}"
EndProject
Project("{FAE04EC0-301F-11D3-BF4B-00C04F79EFBC}") = "Task3", "Task3\Task3.csproj", "{4D5DDA84-C91F-447B-BE48-7B48E27D427F}"
EndProject
Project("{FAE04EC0-301F-11D3-BF4B-00C04F79EFBC}") = "FinalTask", "FinalTask\FinalTask.csproj", "{C0818940-B73C-46DF-BC68-DDA4DDC76489}"
EndProject
Global
	GlobalSection(SolutionConfigurationPlatforms) = preSolution
		Debug|Any CPU = Debug|Any CPU
		Release|Any CPU = Release|Any CPU
	EndGlobalSection
	GlobalSection(ProjectConfigurationPlatforms) = postSolution
		{6A76D1D1-BC0E-4554-898B-9D430865A6A1}.Debug|Any CPU.ActiveCfg = Debug|Any CPU
		{6A76D1D1-BC0E-4554-898B-9D430865A6A1}.Debug|Any CPU.Build.0 = Debug|Any CPU
		{6A76D1D1-BC0E-4554-898B-9D430865A6A1}.Release|Any CPU.ActiveCfg = Release|Any CPU
		{6A76D1D1-BC0E-4554-898B-9D430865A6A1}.Release|Any CPU.Build.0 = Release|Any CPU
		{4333AD62-D2AF-4632-A24A-C378BF19C9C3}.Debug|Any CPU.ActiveCfg = Debug|Any CPU
		{4333AD62-D2AF-4632-A24A-C378BF19C9C3}.Debug|Any CPU.Build.0 = Debug|Any CPU
		{4333AD62-D2AF-4632-A24A-C378BF19C9C3}.Release|Any CPU.ActiveCfg = Release|Any CPU
		{4333AD62-D2AF-4632-A24A-C378BF19C9C3}.Release|Any CPU.Build.0 = Release|Any CPU
		{4D5DDA84-C91F-447B-BE48-7B48E27D427F}.Debug|Any CPU.ActiveCfg = Debug|Any CPU
		{4D5DDA84-C91F-447B-BE48-7B48E27D427F}.Debug|Any CPU.Build.0 = Debug|Any CPU
		{4D5DDA84-C91F-447B-BE48-7B48E27D427F}.Release|Any CPU.ActiveCfg = Release|Any CPU
		{4D5DDA84-C91F-447B-BE48-7B48E27D427F}.Release|Any CPU.Build.0 = Release|Any CPU
		{C0818940-B73C-46DF-BC68-DDA4DDC76489}.Debug|Any CPU.ActiveCfg = Debug|Any CPU
		{C0818940-B73C-46DF-BC68-DDA4DDC76489}.Debug|Any CPU.Build.0 = Debug|Any CPU
		{C0818940-B73C-46DF-BC68-DDA4DDC76489}.Release|Any CPU.ActiveCfg = Release|Any CPU
		{C0818940-B73C-46DF-BC68-DDA4DDC76489}.Release|Any CPU.Build.0 = Release|Any CPU
	EndGlobalSection
	GlobalSection(SolutionProperties) = preSolution
		HideSolutionNode = FALSE
	EndGlobalSection
	GlobalSection(ExtensibilityGlobals) = postSolution
		SolutionGuid = {B3947204-4228-4EF4-9393-A0B6BA10785C}
	EndGlobalSection
EndGlobal
